
Microsoft Visual Studio Solution File, Format Version 12.00
# Visual Studio Version 17
VisualStudioVersion = 17.5.33516.290
MinimumVisualStudioVersion = 10.0.40219.1
Project("{8BC9CEB8-8B4A-11D0-8D11-00A0C91BC942}") = "MT3", "MT3.vcxproj", "{8CDC3A2E-B44F-4710-B7A3-FAA875D94199}"
EndProject
Global
	GlobalSection(SolutionConfigurationPlatforms) = preSolution
		Debug|x64 = Debug|x64
		Release|x64 = Release|x64
	EndGlobalSection
	GlobalSection(ProjectConfigurationPlatforms) = postSolution
		{8CDC3A2E-B44F-4710-B7A3-FAA875D94199}.Debug|x64.ActiveCfg = Debug|x64
		{8CDC3A2E-B44F-4710-B7A3-FAA875D94199}.Debug|x64.Build.0 = Debug|x64
		{8CDC3A2E-B44F-4710-B7A3-FAA875D94199}.Release|x64.ActiveCfg = Release|x64
		{8CDC3A2E-B44F-4710-B7A3-FAA875D94199}.Release|x64.Build.0 = Release|x64
	EndGlobalSection
	GlobalSection(SolutionProperties) = preSolution
		HideSolutionNode = FALSE
	EndGlobalSection
	GlobalSection(ExtensibilityGlobals) = postSolution
		SolutionGuid = {BB5A3B7C-B0B9-4F60-8385-79BA77B3BF82}
	EndGlobalSection
EndGlobal
